
Microsoft Visual Studio Solution File, Format Version 12.00
# Visual Studio 2013
VisualStudioVersion = 12.0.30723.0
MinimumVisualStudioVersion = 10.0.40219.1
Project("{FAE04EC0-301F-11D3-BF4B-00C04F79EFBC}") = "DesignStrategies_JonSkeet", "DesignStrategies_JonSkeet\DesignStrategies_JonSkeet.csproj", "{F2652F49-4D3D-47B4-8C6A-C114DA470C10}"
EndProject
Project("{FAE04EC0-301F-11D3-BF4B-00C04F79EFBC}") = "TestCode", "TestCode\TestCode.csproj", "{3502AD8E-56EA-4D46-81E7-42A3315BA917}"
EndProject
Global
	GlobalSection(SolutionConfigurationPlatforms) = preSolution
		Debug|Any CPU = Debug|Any CPU
		Release|Any CPU = Release|Any CPU
	EndGlobalSection
	GlobalSection(ProjectConfigurationPlatforms) = postSolution
		{F2652F49-4D3D-47B4-8C6A-C114DA470C10}.Debug|Any CPU.ActiveCfg = Debug|Any CPU
		{F2652F49-4D3D-47B4-8C6A-C114DA470C10}.Debug|Any CPU.Build.0 = Debug|Any CPU
		{F2652F49-4D3D-47B4-8C6A-C114DA470C10}.Release|Any CPU.ActiveCfg = Release|Any CPU
		{F2652F49-4D3D-47B4-8C6A-C114DA470C10}.Release|Any CPU.Build.0 = Release|Any CPU
		{3502AD8E-56EA-4D46-81E7-42A3315BA917}.Debug|Any CPU.ActiveCfg = Debug|Any CPU
		{3502AD8E-56EA-4D46-81E7-42A3315BA917}.Debug|Any CPU.Build.0 = Debug|Any CPU
		{3502AD8E-56EA-4D46-81E7-42A3315BA917}.Release|Any CPU.ActiveCfg = Release|Any CPU
		{3502AD8E-56EA-4D46-81E7-42A3315BA917}.Release|Any CPU.Build.0 = Release|Any CPU
	EndGlobalSection
	GlobalSection(SolutionProperties) = preSolution
		HideSolutionNode = FALSE
	EndGlobalSection
EndGlobal
